
Microsoft Visual Studio Solution File, Format Version 12.00
# Visual Studio 15
VisualStudioVersion = 15.0.27428.2005
MinimumVisualStudioVersion = 10.0.40219.1
Project("{FAE04EC0-301F-11D3-BF4B-00C04F79EFBC}") = "Alumnos", "Alumnos\Alumnos.csproj", "{336057EE-8560-40E3-B2C9-4A00EA854D84}"
EndProject
Project("{FAE04EC0-301F-11D3-BF4B-00C04F79EFBC}") = "AlumnosTest", "AlumnosTest\AlumnosTest.csproj", "{677AEA58-C145-4E3F-A39A-DE397B3FF159}"
EndProject
Global
	GlobalSection(SolutionConfigurationPlatforms) = preSolution
		Debug|Any CPU = Debug|Any CPU
		Release|Any CPU = Release|Any CPU
	EndGlobalSection
	GlobalSection(ProjectConfigurationPlatforms) = postSolution
		{336057EE-8560-40E3-B2C9-4A00EA854D84}.Debug|Any CPU.ActiveCfg = Debug|Any CPU
		{336057EE-8560-40E3-B2C9-4A00EA854D84}.Debug|Any CPU.Build.0 = Debug|Any CPU
		{336057EE-8560-40E3-B2C9-4A00EA854D84}.Release|Any CPU.ActiveCfg = Release|Any CPU
		{336057EE-8560-40E3-B2C9-4A00EA854D84}.Release|Any CPU.Build.0 = Release|Any CPU
		{677AEA58-C145-4E3F-A39A-DE397B3FF159}.Debug|Any CPU.ActiveCfg = Debug|Any CPU
		{677AEA58-C145-4E3F-A39A-DE397B3FF159}.Debug|Any CPU.Build.0 = Debug|Any CPU
		{677AEA58-C145-4E3F-A39A-DE397B3FF159}.Release|Any CPU.ActiveCfg = Release|Any CPU
		{677AEA58-C145-4E3F-A39A-DE397B3FF159}.Release|Any CPU.Build.0 = Release|Any CPU
	EndGlobalSection
	GlobalSection(SolutionProperties) = preSolution
		HideSolutionNode = FALSE
	EndGlobalSection
	GlobalSection(ExtensibilityGlobals) = postSolution
		SolutionGuid = {49C107D2-B7E2-4D89-B8B5-CCDF656F67A2}
	EndGlobalSection
EndGlobal
